
Microsoft Visual Studio Solution File, Format Version 12.00
# Visual Studio Version 17
VisualStudioVersion = 17.10.35027.167
MinimumVisualStudioVersion = 10.0.40219.1
Project("{FAE04EC0-301F-11D3-BF4B-00C04F79EFBC}") = "Rest-api-aspnet8", "Rest-api-aspnet8\Rest-api-aspnet8.csproj", "{0E564F09-D65A-4672-A5B6-C6EF5C14719A}"
EndProject
Global
	GlobalSection(SolutionConfigurationPlatforms) = preSolution
		Debug|Any CPU = Debug|Any CPU
		Release|Any CPU = Release|Any CPU
	EndGlobalSection
	GlobalSection(ProjectConfigurationPlatforms) = postSolution
		{0E564F09-D65A-4672-A5B6-C6EF5C14719A}.Debug|Any CPU.ActiveCfg = Debug|Any CPU
		{0E564F09-D65A-4672-A5B6-C6EF5C14719A}.Debug|Any CPU.Build.0 = Debug|Any CPU
		{0E564F09-D65A-4672-A5B6-C6EF5C14719A}.Release|Any CPU.ActiveCfg = Release|Any CPU
		{0E564F09-D65A-4672-A5B6-C6EF5C14719A}.Release|Any CPU.Build.0 = Release|Any CPU
	EndGlobalSection
	GlobalSection(SolutionProperties) = preSolution
		HideSolutionNode = FALSE
	EndGlobalSection
	GlobalSection(ExtensibilityGlobals) = postSolution
		SolutionGuid = {9AA949B7-944E-424D-81ED-CF5117649B43}
	EndGlobalSection
EndGlobal
